// !$*UTF8*$!
{
	archiveVersion = 1;
	classes = {
	};
	objectVersion = 77;
	objects = {

/* Begin PBXBuildFile section */
		8385E42A2D83049300E975E9 /* ClipboardManager.swift in Sources */ = {isa = PBXBuildFile; fileRef = 8385E4292D83046900E975E9 /* ClipboardManager.swift */; };
		8385E4322D8304D500E975E9 /* UniformTypeIdentifiers.framework in Frameworks */ = {isa = PBXBuildFile; fileRef = 8385E4312D8304D500E975E9 /* UniformTypeIdentifiers.framework */; };
		8385E43E2D8304D500E975E9 /* ActionExtension.appex in Embed Foundation Extensions */ = {isa = PBXBuildFile; fileRef = 8385E42F2D8304D500E975E9 /* ActionExtension.appex */; settings = {ATTRIBUTES = (RemoveHeadersOnCopy, ); }; };
		8385E4442D8304E800E975E9 /* ClipboardManager.swift in Sources */ = {isa = PBXBuildFile; fileRef = 8385E4292D83046900E975E9 /* ClipboardManager.swift */; };
		8385E4652D830CAF00E975E9 /* KeyboardExtension.appex in Embed Foundation Extensions */ = {isa = PBXBuildFile; fileRef = 8385E45E2D830CAF00E975E9 /* KeyboardExtension.appex */; settings = {ATTRIBUTES = (RemoveHeadersOnCopy, ); }; };
		8385E46A2D830D9300E975E9 /* ClipboardManager.swift in Sources */ = {isa = PBXBuildFile; fileRef = 8385E4292D83046900E975E9 /* ClipboardManager.swift */; };
/* End PBXBuildFile section */

/* Begin PBXContainerItemProxy section */
		8385E40C2D83043300E975E9 /* PBXContainerItemProxy */ = {
			isa = PBXContainerItemProxy;
			containerPortal = 8385E3F32D83043200E975E9 /* Project object */;
			proxyType = 1;
			remoteGlobalIDString = 8385E3FA2D83043200E975E9;
			remoteInfo = "ClipboardHistory-v1";
		};
		8385E4162D83043300E975E9 /* PBXContainerItemProxy */ = {
			isa = PBXContainerItemProxy;
			containerPortal = 8385E3F32D83043200E975E9 /* Project object */;
			proxyType = 1;
			remoteGlobalIDString = 8385E3FA2D83043200E975E9;
			remoteInfo = "ClipboardHistory-v1";
		};
		8385E43C2D8304D500E975E9 /* PBXContainerItemProxy */ = {
			isa = PBXContainerItemProxy;
			containerPortal = 8385E3F32D83043200E975E9 /* Project object */;
			proxyType = 1;
			remoteGlobalIDString = 8385E42E2D8304D500E975E9;
			remoteInfo = ActionExtension;
		};
		8385E4632D830CAF00E975E9 /* PBXContainerItemProxy */ = {
			isa = PBXContainerItemProxy;
			containerPortal = 8385E3F32D83043200E975E9 /* Project object */;
			proxyType = 1;
			remoteGlobalIDString = 8385E45D2D830CAF00E975E9;
			remoteInfo = KeyboardExtension;
		};
/* End PBXContainerItemProxy section */

/* Begin PBXCopyFilesBuildPhase section */
		8385E4432D8304D500E975E9 /* Embed Foundation Extensions */ = {
			isa = PBXCopyFilesBuildPhase;
			buildActionMask = 2147483647;
			dstPath = "";
			dstSubfolderSpec = 13;
			files = (
				8385E43E2D8304D500E975E9 /* ActionExtension.appex in Embed Foundation Extensions */,
				8385E4652D830CAF00E975E9 /* KeyboardExtension.appex in Embed Foundation Extensions */,
			);
			name = "Embed Foundation Extensions";
			runOnlyForDeploymentPostprocessing = 0;
		};
/* End PBXCopyFilesBuildPhase section */

/* Begin PBXFileReference section */
		8385E3FB2D83043200E975E9 /* ClipboardHistory-v1.app */ = {isa = PBXFileReference; explicitFileType = wrapper.application; includeInIndex = 0; path = "ClipboardHistory-v1.app"; sourceTree = BUILT_PRODUCTS_DIR; };
		8385E40B2D83043300E975E9 /* ClipboardHistory-v1Tests.xctest */ = {isa = PBXFileReference; explicitFileType = wrapper.cfbundle; includeInIndex = 0; path = "ClipboardHistory-v1Tests.xctest"; sourceTree = BUILT_PRODUCTS_DIR; };
		8385E4152D83043300E975E9 /* ClipboardHistory-v1UITests.xctest */ = {isa = PBXFileReference; explicitFileType = wrapper.cfbundle; includeInIndex = 0; path = "ClipboardHistory-v1UITests.xctest"; sourceTree = BUILT_PRODUCTS_DIR; };
		8385E4292D83046900E975E9 /* ClipboardManager.swift */ = {isa = PBXFileReference; lastKnownFileType = sourcecode.swift; path = ClipboardManager.swift; sourceTree = "<group>"; };
		8385E42F2D8304D500E975E9 /* ActionExtension.appex */ = {isa = PBXFileReference; explicitFileType = "wrapper.app-extension"; includeInIndex = 0; path = ActionExtension.appex; sourceTree = BUILT_PRODUCTS_DIR; };
		8385E4312D8304D500E975E9 /* UniformTypeIdentifiers.framework */ = {isa = PBXFileReference; lastKnownFileType = wrapper.framework; name = UniformTypeIdentifiers.framework; path = System/Library/Frameworks/UniformTypeIdentifiers.framework; sourceTree = SDKROOT; };
		8385E45E2D830CAF00E975E9 /* KeyboardExtension.appex */ = {isa = PBXFileReference; explicitFileType = "wrapper.app-extension"; includeInIndex = 0; path = KeyboardExtension.appex; sourceTree = BUILT_PRODUCTS_DIR; };
/* End PBXFileReference section */

/* Begin PBXFileSystemSynchronizedBuildFileExceptionSet section */
		8385E43F2D8304D500E975E9 /* Exceptions for "ActionExtension" folder in "ActionExtension" target */ = {
			isa = PBXFileSystemSynchronizedBuildFileExceptionSet;
			membershipExceptions = (
				Info.plist,
			);
			target = 8385E42E2D8304D500E975E9 /* ActionExtension */;
		};
		8385E4662D830CAF00E975E9 /* Exceptions for "KeyboardExtension" folder in "KeyboardExtension" target */ = {
			isa = PBXFileSystemSynchronizedBuildFileExceptionSet;
			membershipExceptions = (
				Info.plist,
			);
			target = 8385E45D2D830CAF00E975E9 /* KeyboardExtension */;
		};
/* End PBXFileSystemSynchronizedBuildFileExceptionSet section */

/* Begin PBXFileSystemSynchronizedRootGroup section */
		8385E3FD2D83043200E975E9 /* ClipboardHistory-v1 */ = {
			isa = PBXFileSystemSynchronizedRootGroup;
			path = "ClipboardHistory-v1";
			sourceTree = "<group>";
		};
		8385E4332D8304D500E975E9 /* ActionExtension */ = {
			isa = PBXFileSystemSynchronizedRootGroup;
			exceptions = (
				8385E43F2D8304D500E975E9 /* Exceptions for "ActionExtension" folder in "ActionExtension" target */,
			);
			path = ActionExtension;
			sourceTree = "<group>";
		};
		8385E45F2D830CAF00E975E9 /* KeyboardExtension */ = {
			isa = PBXFileSystemSynchronizedRootGroup;
			exceptions = (
				8385E4662D830CAF00E975E9 /* Exceptions for "KeyboardExtension" folder in "KeyboardExtension" target */,
			);
			path = KeyboardExtension;
			sourceTree = "<group>";
		};
/* End PBXFileSystemSynchronizedRootGroup section */

/* Begin PBXFrameworksBuildPhase section */
		8385E3F82D83043200E975E9 /* Frameworks */ = {
			isa = PBXFrameworksBuildPhase;
			buildActionMask = 2147483647;
			files = (
			);
			runOnlyForDeploymentPostprocessing = 0;
		};
		8385E4082D83043300E975E9 /* Frameworks */ = {
			isa = PBXFrameworksBuildPhase;
			buildActionMask = 2147483647;
			files = (
			);
			runOnlyForDeploymentPostprocessing = 0;
		};
		8385E4122D83043300E975E9 /* Frameworks */ = {
			isa = PBXFrameworksBuildPhase;
			buildActionMask = 2147483647;
			files = (
			);
			runOnlyForDeploymentPostprocessing = 0;
		};
		8385E42C2D8304D500E975E9 /* Frameworks */ = {
			isa = PBXFrameworksBuildPhase;
			buildActionMask = 2147483647;
			files = (
				8385E4322D8304D500E975E9 /* UniformTypeIdentifiers.framework in Frameworks */,
			);
			runOnlyForDeploymentPostprocessing = 0;
		};
		8385E45B2D830CAF00E975E9 /* Frameworks */ = {
			isa = PBXFrameworksBuildPhase;
			buildActionMask = 2147483647;
			files = (
			);
			runOnlyForDeploymentPostprocessing = 0;
		};
/* End PBXFrameworksBuildPhase section */

/* Begin PBXGroup section */
		8385E3F22D83043200E975E9 = {
			isa = PBXGroup;
			children = (
				8385E4282D83046300E975E9 /* Shared */,
				8385E3FD2D83043200E975E9 /* ClipboardHistory-v1 */,
				8385E4332D8304D500E975E9 /* ActionExtension */,
				8385E45F2D830CAF00E975E9 /* KeyboardExtension */,
				8385E4302D8304D500E975E9 /* Frameworks */,
				8385E3FC2D83043200E975E9 /* Products */,
			);
			sourceTree = "<group>";
		};
		8385E3FC2D83043200E975E9 /* Products */ = {
			isa = PBXGroup;
			children = (
				8385E3FB2D83043200E975E9 /* ClipboardHistory-v1.app */,
				8385E40B2D83043300E975E9 /* ClipboardHistory-v1Tests.xctest */,
				8385E4152D83043300E975E9 /* ClipboardHistory-v1UITests.xctest */,
				8385E42F2D8304D500E975E9 /* ActionExtension.appex */,
				8385E45E2D830CAF00E975E9 /* KeyboardExtension.appex */,
			);
			name = Products;
			sourceTree = "<group>";
		};
		8385E4282D83046300E975E9 /* Shared */ = {
			isa = PBXGroup;
			children = (
				8385E4292D83046900E975E9 /* ClipboardManager.swift */,
			);
			path = Shared;
			sourceTree = "<group>";
		};
		8385E4302D8304D500E975E9 /* Frameworks */ = {
			isa = PBXGroup;
			children = (
				8385E4312D8304D500E975E9 /* UniformTypeIdentifiers.framework */,
			);
			name = Frameworks;
			sourceTree = "<group>";
		};
/* End PBXGroup section */

/* Begin PBXNativeTarget section */
		8385E3FA2D83043200E975E9 /* ClipboardHistory-v1 */ = {
			isa = PBXNativeTarget;
			buildConfigurationList = 8385E41F2D83043300E975E9 /* Build configuration list for PBXNativeTarget "ClipboardHistory-v1" */;
			buildPhases = (
				8385E3F72D83043200E975E9 /* Sources */,
				8385E3F82D83043200E975E9 /* Frameworks */,
				8385E3F92D83043200E975E9 /* Resources */,
				8385E4432D8304D500E975E9 /* Embed Foundation Extensions */,
			);
			buildRules = (
			);
			dependencies = (
				8385E43D2D8304D500E975E9 /* PBXTargetDependency */,
				8385E4642D830CAF00E975E9 /* PBXTargetDependency */,
			);
			fileSystemSynchronizedGroups = (
				8385E3FD2D83043200E975E9 /* ClipboardHistory-v1 */,
			);
			name = "ClipboardHistory-v1";
			packageProductDependencies = (
			);
			productName = "ClipboardHistory-v1";
			productReference = 8385E3FB2D83043200E975E9 /* ClipboardHistory-v1.app */;
			productType = "com.apple.product-type.application";
		};
		8385E40A2D83043300E975E9 /* ClipboardHistory-v1Tests */ = {
			isa = PBXNativeTarget;
			buildConfigurationList = 8385E4222D83043300E975E9 /* Build configuration list for PBXNativeTarget "ClipboardHistory-v1Tests" */;
			buildPhases = (
				8385E4072D83043300E975E9 /* Sources */,
				8385E4082D83043300E975E9 /* Frameworks */,
				8385E4092D83043300E975E9 /* Resources */,
			);
			buildRules = (
			);
			dependencies = (
				8385E40D2D83043300E975E9 /* PBXTargetDependency */,
			);
			name = "ClipboardHistory-v1Tests";
			packageProductDependencies = (
			);
			productName = "ClipboardHistory-v1Tests";
			productReference = 8385E40B2D83043300E975E9 /* ClipboardHistory-v1Tests.xctest */;
			productType = "com.apple.product-type.bundle.unit-test";
		};
		8385E4142D83043300E975E9 /* ClipboardHistory-v1UITests */ = {
			isa = PBXNativeTarget;
			buildConfigurationList = 8385E4252D83043300E975E9 /* Build configuration list for PBXNativeTarget "ClipboardHistory-v1UITests" */;
			buildPhases = (
				8385E4112D83043300E975E9 /* Sources */,
				8385E4122D83043300E975E9 /* Frameworks */,
				8385E4132D83043300E975E9 /* Resources */,
			);
			buildRules = (
			);
			dependencies = (
				8385E4172D83043300E975E9 /* PBXTargetDependency */,
			);
			name = "ClipboardHistory-v1UITests";
			packageProductDependencies = (
			);
			productName = "ClipboardHistory-v1UITests";
			productReference = 8385E4152D83043300E975E9 /* ClipboardHistory-v1UITests.xctest */;
			productType = "com.apple.product-type.bundle.ui-testing";
		};
		8385E42E2D8304D500E975E9 /* ActionExtension */ = {
			isa = PBXNativeTarget;
			buildConfigurationList = 8385E4402D8304D500E975E9 /* Build configuration list for PBXNativeTarget "ActionExtension" */;
			buildPhases = (
				8385E42B2D8304D500E975E9 /* Sources */,
				8385E42C2D8304D500E975E9 /* Frameworks */,
				8385E42D2D8304D500E975E9 /* Resources */,
			);
			buildRules = (
			);
			dependencies = (
			);
			fileSystemSynchronizedGroups = (
				8385E4332D8304D500E975E9 /* ActionExtension */,
			);
			name = ActionExtension;
			packageProductDependencies = (
			);
			productName = ActionExtension;
			productReference = 8385E42F2D8304D500E975E9 /* ActionExtension.appex */;
			productType = "com.apple.product-type.app-extension";
		};
		8385E45D2D830CAF00E975E9 /* KeyboardExtension */ = {
			isa = PBXNativeTarget;
			buildConfigurationList = 8385E4672D830CAF00E975E9 /* Build configuration list for PBXNativeTarget "KeyboardExtension" */;
			buildPhases = (
				8385E45A2D830CAF00E975E9 /* Sources */,
				8385E45B2D830CAF00E975E9 /* Frameworks */,
				8385E45C2D830CAF00E975E9 /* Resources */,
			);
			buildRules = (
			);
			dependencies = (
			);
			fileSystemSynchronizedGroups = (
				8385E45F2D830CAF00E975E9 /* KeyboardExtension */,
			);
			name = KeyboardExtension;
			packageProductDependencies = (
			);
			productName = KeyboardExtension;
			productReference = 8385E45E2D830CAF00E975E9 /* KeyboardExtension.appex */;
			productType = "com.apple.product-type.app-extension";
		};
/* End PBXNativeTarget section */

/* Begin PBXProject section */
		8385E3F32D83043200E975E9 /* Project object */ = {
			isa = PBXProject;
			attributes = {
				BuildIndependentTargetsInParallel = 1;
				LastSwiftUpdateCheck = 1620;
				LastUpgradeCheck = 1620;
				TargetAttributes = {
					8385E3FA2D83043200E975E9 = {
						CreatedOnToolsVersion = 16.2;
					};
					8385E40A2D83043300E975E9 = {
						CreatedOnToolsVersion = 16.2;
						TestTargetID = 8385E3FA2D83043200E975E9;
					};
					8385E4142D83043300E975E9 = {
						CreatedOnToolsVersion = 16.2;
						TestTargetID = 8385E3FA2D83043200E975E9;
					};
					8385E42E2D8304D500E975E9 = {
						CreatedOnToolsVersion = 16.2;
					};
					8385E45D2D830CAF00E975E9 = {
						CreatedOnToolsVersion = 16.2;
					};
				};
			};
			buildConfigurationList = 8385E3F62D83043200E975E9 /* Build configuration list for PBXProject "ClipboardHistory-v1" */;
			developmentRegion = en;
			hasScannedForEncodings = 0;
			knownRegions = (
				en,
				Base,
			);
			mainGroup = 8385E3F22D83043200E975E9;
			minimizedProjectReferenceProxies = 1;
			preferredProjectObjectVersion = 77;
			productRefGroup = 8385E3FC2D83043200E975E9 /* Products */;
			projectDirPath = "";
			projectRoot = "";
			targets = (
				8385E3FA2D83043200E975E9 /* ClipboardHistory-v1 */,
				8385E40A2D83043300E975E9 /* ClipboardHistory-v1Tests */,
				8385E4142D83043300E975E9 /* ClipboardHistory-v1UITests */,
				8385E42E2D8304D500E975E9 /* ActionExtension */,
				8385E45D2D830CAF00E975E9 /* KeyboardExtension */,
			);
		};
/* End PBXProject section */

/* Begin PBXResourcesBuildPhase section */
		8385E3F92D83043200E975E9 /* Resources */ = {
			isa = PBXResourcesBuildPhase;
			buildActionMask = 2147483647;
			files = (
			);
			runOnlyForDeploymentPostprocessing = 0;
		};
		8385E4092D83043300E975E9 /* Resources */ = {
			isa = PBXResourcesBuildPhase;
			buildActionMask = 2147483647;
			files = (
			);
			runOnlyForDeploymentPostprocessing = 0;
		};
		8385E4132D83043300E975E9 /* Resources */ = {
			isa = PBXResourcesBuildPhase;
			buildActionMask = 2147483647;
			files = (
			);
			runOnlyForDeploymentPostprocessing = 0;
		};
		8385E42D2D8304D500E975E9 /* Resources */ = {
			isa = PBXResourcesBuildPhase;
			buildActionMask = 2147483647;
			files = (
			);
			runOnlyForDeploymentPostprocessing = 0;
		};
		8385E45C2D830CAF00E975E9 /* Resources */ = {
			isa = PBXResourcesBuildPhase;
			buildActionMask = 2147483647;
			files = (
			);
			runOnlyForDeploymentPostprocessing = 0;
		};
/* End PBXResourcesBuildPhase section */

/* Begin PBXSourcesBuildPhase section */
		8385E3F72D83043200E975E9 /* Sources */ = {
			isa = PBXSourcesBuildPhase;
			buildActionMask = 2147483647;
			files = (
				8385E42A2D83049300E975E9 /* ClipboardManager.swift in Sources */,
			);
			runOnlyForDeploymentPostprocessing = 0;
		};
		8385E4072D83043300E975E9 /* Sources */ = {
			isa = PBXSourcesBuildPhase;
			buildActionMask = 2147483647;
			files = (
			);
			runOnlyForDeploymentPostprocessing = 0;
		};
		8385E4112D83043300E975E9 /* Sources */ = {
			isa = PBXSourcesBuildPhase;
			buildActionMask = 2147483647;
			files = (
			);
			runOnlyForDeploymentPostprocessing = 0;
		};
		8385E42B2D8304D500E975E9 /* Sources */ = {
			isa = PBXSourcesBuildPhase;
			buildActionMask = 2147483647;
			files = (
				8385E4442D8304E800E975E9 /* ClipboardManager.swift in Sources */,
			);
			runOnlyForDeploymentPostprocessing = 0;
		};
		8385E45A2D830CAF00E975E9 /* Sources */ = {
			isa = PBXSourcesBuildPhase;
			buildActionMask = 2147483647;
			files = (
				8385E46A2D830D9300E975E9 /* ClipboardManager.swift in Sources */,
			);
			runOnlyForDeploymentPostprocessing = 0;
		};
/* End PBXSourcesBuildPhase section */

/* Begin PBXTargetDependency section */
		8385E40D2D83043300E975E9 /* PBXTargetDependency */ = {
			isa = PBXTargetDependency;
			target = 8385E3FA2D83043200E975E9 /* ClipboardHistory-v1 */;
			targetProxy = 8385E40C2D83043300E975E9 /* PBXContainerItemProxy */;
		};
		8385E4172D83043300E975E9 /* PBXTargetDependency */ = {
			isa = PBXTargetDependency;
			target = 8385E3FA2D83043200E975E9 /* ClipboardHistory-v1 */;
			targetProxy = 8385E4162D83043300E975E9 /* PBXContainerItemProxy */;
		};
		8385E43D2D8304D500E975E9 /* PBXTargetDependency */ = {
			isa = PBXTargetDependency;
			target = 8385E42E2D8304D500E975E9 /* ActionExtension */;
			targetProxy = 8385E43C2D8304D500E975E9 /* PBXContainerItemProxy */;
		};
		8385E4642D830CAF00E975E9 /* PBXTargetDependency */ = {
			isa = PBXTargetDependency;
			target = 8385E45D2D830CAF00E975E9 /* KeyboardExtension */;
			targetProxy = 8385E4632D830CAF00E975E9 /* PBXContainerItemProxy */;
		};
/* End PBXTargetDependency section */

/* Begin XCBuildConfiguration section */
		8385E41D2D83043300E975E9 /* Debug */ = {
			isa = XCBuildConfiguration;
			buildSettings = {
				ALWAYS_SEARCH_USER_PATHS = NO;
				ASSETCATALOG_COMPILER_GENERATE_SWIFT_ASSET_SYMBOL_EXTENSIONS = YES;
				CLANG_ANALYZER_NONNULL = YES;
				CLANG_ANALYZER_NUMBER_OBJECT_CONVERSION = YES_AGGRESSIVE;
				CLANG_CXX_LANGUAGE_STANDARD = "gnu++20";
				CLANG_ENABLE_MODULES = YES;
				CLANG_ENABLE_OBJC_ARC = YES;
				CLANG_ENABLE_OBJC_WEAK = YES;
				CLANG_WARN_BLOCK_CAPTURE_AUTORELEASING = YES;
				CLANG_WARN_BOOL_CONVERSION = YES;
				CLANG_WARN_COMMA = YES;
				CLANG_WARN_CONSTANT_CONVERSION = YES;
				CLANG_WARN_DEPRECATED_OBJC_IMPLEMENTATIONS = YES;
				CLANG_WARN_DIRECT_OBJC_ISA_USAGE = YES_ERROR;
				CLANG_WARN_DOCUMENTATION_COMMENTS = YES;
				CLANG_WARN_EMPTY_BODY = YES;
				CLANG_WARN_ENUM_CONVERSION = YES;
				CLANG_WARN_INFINITE_RECURSION = YES;
				CLANG_WARN_INT_CONVERSION = YES;
				CLANG_WARN_NON_LITERAL_NULL_CONVERSION = YES;
				CLANG_WARN_OBJC_IMPLICIT_RETAIN_SELF = YES;
				CLANG_WARN_OBJC_LITERAL_CONVERSION = YES;
				CLANG_WARN_OBJC_ROOT_CLASS = YES_ERROR;
				CLANG_WARN_QUOTED_INCLUDE_IN_FRAMEWORK_HEADER = YES;
				CLANG_WARN_RANGE_LOOP_ANALYSIS = YES;
				CLANG_WARN_STRICT_PROTOTYPES = YES;
				CLANG_WARN_SUSPICIOUS_MOVE = YES;
				CLANG_WARN_UNGUARDED_AVAILABILITY = YES_AGGRESSIVE;
				CLANG_WARN_UNREACHABLE_CODE = YES;
				CLANG_WARN__DUPLICATE_METHOD_MATCH = YES;
				COPY_PHASE_STRIP = NO;
				DEBUG_INFORMATION_FORMAT = dwarf;
				ENABLE_STRICT_OBJC_MSGSEND = YES;
				ENABLE_TESTABILITY = YES;
				ENABLE_USER_SCRIPT_SANDBOXING = YES;
				GCC_C_LANGUAGE_STANDARD = gnu17;
				GCC_DYNAMIC_NO_PIC = NO;
				GCC_NO_COMMON_BLOCKS = YES;
				GCC_OPTIMIZATION_LEVEL = 0;
				GCC_PREPROCESSOR_DEFINITIONS = (
					"DEBUG=1",
					"$(inherited)",
				);
				GCC_WARN_64_TO_32_BIT_CONVERSION = YES;
				GCC_WARN_ABOUT_RETURN_TYPE = YES_ERROR;
				GCC_WARN_UNDECLARED_SELECTOR = YES;
				GCC_WARN_UNINITIALIZED_AUTOS = YES_AGGRESSIVE;
				GCC_WARN_UNUSED_FUNCTION = YES;
				GCC_WARN_UNUSED_VARIABLE = YES;
				IPHONEOS_DEPLOYMENT_TARGET = 18.2;
				LOCALIZATION_PREFERS_STRING_CATALOGS = YES;
				MTL_ENABLE_DEBUG_INFO = INCLUDE_SOURCE;
				MTL_FAST_MATH = YES;
				ONLY_ACTIVE_ARCH = YES;
				SDKROOT = iphoneos;
				SWIFT_ACTIVE_COMPILATION_CONDITIONS = "DEBUG $(inherited)";
				SWIFT_OPTIMIZATION_LEVEL = "-Onone";
			};
			name = Debug;
		};
		8385E41E2D83043300E975E9 /* Release */ = {
			isa = XCBuildConfiguration;
			buildSettings = {
				ALWAYS_SEARCH_USER_PATHS = NO;
				ASSETCATALOG_COMPILER_GENERATE_SWIFT_ASSET_SYMBOL_EXTENSIONS = YES;
				CLANG_ANALYZER_NONNULL = YES;
				CLANG_ANALYZER_NUMBER_OBJECT_CONVERSION = YES_AGGRESSIVE;
				CLANG_CXX_LANGUAGE_STANDARD = "gnu++20";
				CLANG_ENABLE_MODULES = YES;
				CLANG_ENABLE_OBJC_ARC = YES;
				CLANG_ENABLE_OBJC_WEAK = YES;
				CLANG_WARN_BLOCK_CAPTURE_AUTORELEASING = YES;
				CLANG_WARN_BOOL_CONVERSION = YES;
				CLANG_WARN_COMMA = YES;
				CLANG_WARN_CONSTANT_CONVERSION = YES;
				CLANG_WARN_DEPRECATED_OBJC_IMPLEMENTATIONS = YES;
				CLANG_WARN_DIRECT_OBJC_ISA_USAGE = YES_ERROR;
				CLANG_WARN_DOCUMENTATION_COMMENTS = YES;
				CLANG_WARN_EMPTY_BODY = YES;
				CLANG_WARN_ENUM_CONVERSION = YES;
				CLANG_WARN_INFINITE_RECURSION = YES;
				CLANG_WARN_INT_CONVERSION = YES;
				CLANG_WARN_NON_LITERAL_NULL_CONVERSION = YES;
				CLANG_WARN_OBJC_IMPLICIT_RETAIN_SELF = YES;
				CLANG_WARN_OBJC_LITERAL_CONVERSION = YES;
				CLANG_WARN_OBJC_ROOT_CLASS = YES_ERROR;
				CLANG_WARN_QUOTED_INCLUDE_IN_FRAMEWORK_HEADER = YES;
				CLANG_WARN_RANGE_LOOP_ANALYSIS = YES;
				CLANG_WARN_STRICT_PROTOTYPES = YES;
				CLANG_WARN_SUSPICIOUS_MOVE = YES;
				CLANG_WARN_UNGUARDED_AVAILABILITY = YES_AGGRESSIVE;
				CLANG_WARN_UNREACHABLE_CODE = YES;
				CLANG_WARN__DUPLICATE_METHOD_MATCH = YES;
				COPY_PHASE_STRIP = NO;
				DEBUG_INFORMATION_FORMAT = "dwarf-with-dsym";
				ENABLE_NS_ASSERTIONS = NO;
				ENABLE_STRICT_OBJC_MSGSEND = YES;
				ENABLE_USER_SCRIPT_SANDBOXING = YES;
				GCC_C_LANGUAGE_STANDARD = gnu17;
				GCC_NO_COMMON_BLOCKS = YES;
				GCC_WARN_64_TO_32_BIT_CONVERSION = YES;
				GCC_WARN_ABOUT_RETURN_TYPE = YES_ERROR;
				GCC_WARN_UNDECLARED_SELECTOR = YES;
				GCC_WARN_UNINITIALIZED_AUTOS = YES_AGGRESSIVE;
				GCC_WARN_UNUSED_FUNCTION = YES;
				GCC_WARN_UNUSED_VARIABLE = YES;
				IPHONEOS_DEPLOYMENT_TARGET = 18.2;
				LOCALIZATION_PREFERS_STRING_CATALOGS = YES;
				MTL_ENABLE_DEBUG_INFO = NO;
				MTL_FAST_MATH = YES;
				SDKROOT = iphoneos;
				SWIFT_COMPILATION_MODE = wholemodule;
				VALIDATE_PRODUCT = YES;
			};
			name = Release;
		};
		8385E4202D83043300E975E9 /* Debug */ = {
			isa = XCBuildConfiguration;
			buildSettings = {
				ASSETCATALOG_COMPILER_APPICON_NAME = AppIcon;
				ASSETCATALOG_COMPILER_GLOBAL_ACCENT_COLOR_NAME = AccentColor;
				CODE_SIGN_STYLE = Automatic;
				CURRENT_PROJECT_VERSION = 1;
				DEVELOPMENT_ASSET_PATHS = "\"ClipboardHistory-v1/Preview Content\"";
				DEVELOPMENT_TEAM = 985S5U44FQ;
				ENABLE_PREVIEWS = YES;
				GENERATE_INFOPLIST_FILE = YES;
				INFOPLIST_KEY_UIApplicationSceneManifest_Generation = YES;
				INFOPLIST_KEY_UIApplicationSupportsIndirectInputEvents = YES;
				INFOPLIST_KEY_UILaunchScreen_Generation = YES;
				INFOPLIST_KEY_UISupportedInterfaceOrientations_iPad = "UIInterfaceOrientationPortrait UIInterfaceOrientationPortraitUpsideDown UIInterfaceOrientationLandscapeLeft UIInterfaceOrientationLandscapeRight";
				INFOPLIST_KEY_UISupportedInterfaceOrientations_iPhone = "UIInterfaceOrientationPortrait UIInterfaceOrientationLandscapeLeft UIInterfaceOrientationLandscapeRight";
				LD_RUNPATH_SEARCH_PATHS = (
					"$(inherited)",
					"@executable_path/Frameworks",
				);
				MARKETING_VERSION = 1.0;
				PRODUCT_BUNDLE_IDENTIFIER = "AbenLabs.ClipboardHistory-v1";
				PRODUCT_NAME = "$(TARGET_NAME)";
				SWIFT_EMIT_LOC_STRINGS = YES;
				SWIFT_VERSION = 5.0;
				TARGETED_DEVICE_FAMILY = "1,2";
			};
			name = Debug;
		};
		8385E4212D83043300E975E9 /* Release */ = {
			isa = XCBuildConfiguration;
			buildSettings = {
				ASSETCATALOG_COMPILER_APPICON_NAME = AppIcon;
				ASSETCATALOG_COMPILER_GLOBAL_ACCENT_COLOR_NAME = AccentColor;
				CODE_SIGN_STYLE = Automatic;
				CURRENT_PROJECT_VERSION = 1;
				DEVELOPMENT_ASSET_PATHS = "\"ClipboardHistory-v1/Preview Content\"";
				DEVELOPMENT_TEAM = 985S5U44FQ;
				ENABLE_PREVIEWS = YES;
				GENERATE_INFOPLIST_FILE = YES;
				INFOPLIST_KEY_UIApplicationSceneManifest_Generation = YES;
				INFOPLIST_KEY_UIApplicationSupportsIndirectInputEvents = YES;
				INFOPLIST_KEY_UILaunchScreen_Generation = YES;
				INFOPLIST_KEY_UISupportedInterfaceOrientations_iPad = "UIInterfaceOrientationPortrait UIInterfaceOrientationPortraitUpsideDown UIInterfaceOrientationLandscapeLeft UIInterfaceOrientationLandscapeRight";
				INFOPLIST_KEY_UISupportedInterfaceOrientations_iPhone = "UIInterfaceOrientationPortrait UIInterfaceOrientationLandscapeLeft UIInterfaceOrientationLandscapeRight";
				LD_RUNPATH_SEARCH_PATHS = (
					"$(inherited)",
					"@executable_path/Frameworks",
				);
				MARKETING_VERSION = 1.0;
				PRODUCT_BUNDLE_IDENTIFIER = "AbenLabs.ClipboardHistory-v1";
				PRODUCT_NAME = "$(TARGET_NAME)";
				SWIFT_EMIT_LOC_STRINGS = YES;
				SWIFT_VERSION = 5.0;
				TARGETED_DEVICE_FAMILY = "1,2";
			};
			name = Release;
		};
		8385E4232D83043300E975E9 /* Debug */ = {
			isa = XCBuildConfiguration;
			buildSettings = {
				BUNDLE_LOADER = "$(TEST_HOST)";
				CODE_SIGN_STYLE = Automatic;
				CURRENT_PROJECT_VERSION = 1;
				DEVELOPMENT_TEAM = 985S5U44FQ;
				GENERATE_INFOPLIST_FILE = YES;
				IPHONEOS_DEPLOYMENT_TARGET = 18.2;
				MARKETING_VERSION = 1.0;
				PRODUCT_BUNDLE_IDENTIFIER = "AbenLabs.ClipboardHistory-v1Tests";
				PRODUCT_NAME = "$(TARGET_NAME)";
				SWIFT_EMIT_LOC_STRINGS = NO;
				SWIFT_VERSION = 5.0;
				TARGETED_DEVICE_FAMILY = "1,2";
				TEST_HOST = "$(BUILT_PRODUCTS_DIR)/ClipboardHistory-v1.app/$(BUNDLE_EXECUTABLE_FOLDER_PATH)/ClipboardHistory-v1";
			};
			name = Debug;
		};
		8385E4242D83043300E975E9 /* Release */ = {
			isa = XCBuildConfiguration;
			buildSettings = {
				BUNDLE_LOADER = "$(TEST_HOST)";
				CODE_SIGN_STYLE = Automatic;
				CURRENT_PROJECT_VERSION = 1;
				DEVELOPMENT_TEAM = 985S5U44FQ;
				GENERATE_INFOPLIST_FILE = YES;
				IPHONEOS_DEPLOYMENT_TARGET = 18.2;
				MARKETING_VERSION = 1.0;
				PRODUCT_BUNDLE_IDENTIFIER = "AbenLabs.ClipboardHistory-v1Tests";
				PRODUCT_NAME = "$(TARGET_NAME)";
				SWIFT_EMIT_LOC_STRINGS = NO;
				SWIFT_VERSION = 5.0;
				TARGETED_DEVICE_FAMILY = "1,2";
				TEST_HOST = "$(BUILT_PRODUCTS_DIR)/ClipboardHistory-v1.app/$(BUNDLE_EXECUTABLE_FOLDER_PATH)/ClipboardHistory-v1";
			};
			name = Release;
		};
		8385E4262D83043300E975E9 /* Debug */ = {
			isa = XCBuildConfiguration;
			buildSettings = {
				CODE_SIGN_STYLE = Automatic;
				CURRENT_PROJECT_VERSION = 1;
				DEVELOPMENT_TEAM = 985S5U44FQ;
				GENERATE_INFOPLIST_FILE = YES;
				MARKETING_VERSION = 1.0;
				PRODUCT_BUNDLE_IDENTIFIER = "AbenLabs.ClipboardHistory-v1UITests";
				PRODUCT_NAME = "$(TARGET_NAME)";
				SWIFT_EMIT_LOC_STRINGS = NO;
				SWIFT_VERSION = 5.0;
				TARGETED_DEVICE_FAMILY = "1,2";
				TEST_TARGET_NAME = "ClipboardHistory-v1";
			};
			name = Debug;
		};
		8385E4272D83043300E975E9 /* Release */ = {
			isa = XCBuildConfiguration;
			buildSettings = {
				CODE_SIGN_STYLE = Automatic;
				CURRENT_PROJECT_VERSION = 1;
				DEVELOPMENT_TEAM = 985S5U44FQ;
				GENERATE_INFOPLIST_FILE = YES;
				MARKETING_VERSION = 1.0;
				PRODUCT_BUNDLE_IDENTIFIER = "AbenLabs.ClipboardHistory-v1UITests";
				PRODUCT_NAME = "$(TARGET_NAME)";
				SWIFT_EMIT_LOC_STRINGS = NO;
				SWIFT_VERSION = 5.0;
				TARGETED_DEVICE_FAMILY = "1,2";
				TEST_TARGET_NAME = "ClipboardHistory-v1";
			};
			name = Release;
		};
		8385E4412D8304D500E975E9 /* Debug */ = {
			isa = XCBuildConfiguration;
			buildSettings = {
				CODE_SIGN_STYLE = Automatic;
				CURRENT_PROJECT_VERSION = 1;
				DEVELOPMENT_TEAM = 985S5U44FQ;
				GENERATE_INFOPLIST_FILE = YES;
				INFOPLIST_FILE = ActionExtension/Info.plist;
				INFOPLIST_KEY_CFBundleDisplayName = ActionExtension;
				INFOPLIST_KEY_NSHumanReadableCopyright = "";
				LD_RUNPATH_SEARCH_PATHS = (
					"$(inherited)",
					"@executable_path/Frameworks",
					"@executable_path/../../Frameworks",
				);
				MARKETING_VERSION = 1.0;
				PRODUCT_BUNDLE_IDENTIFIER = "AbenLabs.ClipboardHistory-v1.ActionExtension";
				PRODUCT_NAME = "$(TARGET_NAME)";
				SKIP_INSTALL = YES;
				SWIFT_EMIT_LOC_STRINGS = YES;
				SWIFT_VERSION = 5.0;
				TARGETED_DEVICE_FAMILY = "1,2";
			};
			name = Debug;
		};
		8385E4422D8304D500E975E9 /* Release */ = {
			isa = XCBuildConfiguration;
			buildSettings = {
				CODE_SIGN_STYLE = Automatic;
				CURRENT_PROJECT_VERSION = 1;
				DEVELOPMENT_TEAM = 985S5U44FQ;
				GENERATE_INFOPLIST_FILE = YES;
				INFOPLIST_FILE = ActionExtension/Info.plist;
				INFOPLIST_KEY_CFBundleDisplayName = ActionExtension;
				INFOPLIST_KEY_NSHumanReadableCopyright = "";
				LD_RUNPATH_SEARCH_PATHS = (
					"$(inherited)",
					"@executable_path/Frameworks",
					"@executable_path/../../Frameworks",
				);
				MARKETING_VERSION = 1.0;
				PRODUCT_BUNDLE_IDENTIFIER = "AbenLabs.ClipboardHistory-v1.ActionExtension";
				PRODUCT_NAME = "$(TARGET_NAME)";
				SKIP_INSTALL = YES;
				SWIFT_EMIT_LOC_STRINGS = YES;
				SWIFT_VERSION = 5.0;
				TARGETED_DEVICE_FAMILY = "1,2";
			};
			name = Release;
		};
		8385E4682D830CAF00E975E9 /* Debug */ = {
			isa = XCBuildConfiguration;
			buildSettings = {
				CODE_SIGN_STYLE = Automatic;
				CURRENT_PROJECT_VERSION = 1;
				DEVELOPMENT_TEAM = 985S5U44FQ;
				GENERATE_INFOPLIST_FILE = YES;
				INFOPLIST_FILE = KeyboardExtension/Info.plist;
				INFOPLIST_KEY_CFBundleDisplayName = KeyboardExtension;
				INFOPLIST_KEY_NSHumanReadableCopyright = "";
				LD_RUNPATH_SEARCH_PATHS = (
					"$(inherited)",
					"@executable_path/Frameworks",
					"@executable_path/../../Frameworks",
				);
				MARKETING_VERSION = 1.0;
				PRODUCT_BUNDLE_IDENTIFIER = "AbenLabs.ClipboardHistory-v1.KeyboardExtension";
				PRODUCT_NAME = "$(TARGET_NAME)";
				SKIP_INSTALL = YES;
				SWIFT_EMIT_LOC_STRINGS = YES;
				SWIFT_VERSION = 5.0;
				TARGETED_DEVICE_FAMILY = "1,2";
			};
			name = Debug;
		};
		8385E4692D830CAF00E975E9 /* Release */ = {
			isa = XCBuildConfiguration;
			buildSettings = {
				CODE_SIGN_STYLE = Automatic;
				CURRENT_PROJECT_VERSION = 1;
				DEVELOPMENT_TEAM = 985S5U44FQ;
				GENERATE_INFOPLIST_FILE = YES;
				INFOPLIST_FILE = KeyboardExtension/Info.plist;
				INFOPLIST_KEY_CFBundleDisplayName = KeyboardExtension;
				INFOPLIST_KEY_NSHumanReadableCopyright = "";
				LD_RUNPATH_SEARCH_PATHS = (
					"$(inherited)",
					"@executable_path/Frameworks",
					"@executable_path/../../Frameworks",
				);
				MARKETING_VERSION = 1.0;
				PRODUCT_BUNDLE_IDENTIFIER = "AbenLabs.ClipboardHistory-v1.KeyboardExtension";
				PRODUCT_NAME = "$(TARGET_NAME)";
				SKIP_INSTALL = YES;
				SWIFT_EMIT_LOC_STRINGS = YES;
				SWIFT_VERSION = 5.0;
				TARGETED_DEVICE_FAMILY = "1,2";
			};
			name = Release;
		};
/* End XCBuildConfiguration section */

/* Begin XCConfigurationList section */
		8385E3F62D83043200E975E9 /* Build configuration list for PBXProject "ClipboardHistory-v1" */ = {
			isa = XCConfigurationList;
			buildConfigurations = (
				8385E41D2D83043300E975E9 /* Debug */,
				8385E41E2D83043300E975E9 /* Release */,
			);
			defaultConfigurationIsVisible = 0;
			defaultConfigurationName = Release;
		};
		8385E41F2D83043300E975E9 /* Build configuration list for PBXNativeTarget "ClipboardHistory-v1" */ = {
			isa = XCConfigurationList;
			buildConfigurations = (
				8385E4202D83043300E975E9 /* Debug */,
				8385E4212D83043300E975E9 /* Release */,
			);
			defaultConfigurationIsVisible = 0;
			defaultConfigurationName = Release;
		};
		8385E4222D83043300E975E9 /* Build configuration list for PBXNativeTarget "ClipboardHistory-v1Tests" */ = {
			isa = XCConfigurationList;
			buildConfigurations = (
				8385E4232D83043300E975E9 /* Debug */,
				8385E4242D83043300E975E9 /* Release */,
			);
			defaultConfigurationIsVisible = 0;
			defaultConfigurationName = Release;
		};
		8385E4252D83043300E975E9 /* Build configuration list for PBXNativeTarget "ClipboardHistory-v1UITests" */ = {
			isa = XCConfigurationList;
			buildConfigurations = (
				8385E4262D83043300E975E9 /* Debug */,
				8385E4272D83043300E975E9 /* Release */,
			);
			defaultConfigurationIsVisible = 0;
			defaultConfigurationName = Release;
		};
		8385E4402D8304D500E975E9 /* Build configuration list for PBXNativeTarget "ActionExtension" */ = {
			isa = XCConfigurationList;
			buildConfigurations = (
				8385E4412D8304D500E975E9 /* Debug */,
				8385E4422D8304D500E975E9 /* Release */,
			);
			defaultConfigurationIsVisible = 0;
			defaultConfigurationName = Release;
		};
		8385E4672D830CAF00E975E9 /* Build configuration list for PBXNativeTarget "KeyboardExtension" */ = {
			isa = XCConfigurationList;
			buildConfigurations = (
				8385E4682D830CAF00E975E9 /* Debug */,
				8385E4692D830CAF00E975E9 /* Release */,
			);
			defaultConfigurationIsVisible = 0;
			defaultConfigurationName = Release;
		};
/* End XCConfigurationList section */
	};
	rootObject = 8385E3F32D83043200E975E9 /* Project object */;
}
